// !$*UTF8*$!
{
	archiveVersion = 1;
	classes = {
	};
	objectVersion = 56;
	objects = {

/* Begin PBXBuildFile section */
		AA0000010000000000000001 /* AppDelegate.swift in Sources */ = {isa = PBXBuildFile; fileRef = AA0000020000000000000001 /* AppDelegate.swift */; };
		AA0000010000000000000002 /* MainSceneDelegate.swift in Sources */ = {isa = PBXBuildFile; fileRef = AA0000020000000000000002 /* MainSceneDelegate.swift */; };
		AA0000010000000000000003 /* ExternalSceneDelegate.swift in Sources */ = {isa = PBXBuildFile; fileRef = AA0000020000000000000003 /* ExternalSceneDelegate.swift */; };
		AA0000010000000000000004 /* ProofViewController.swift in Sources */ = {isa = PBXBuildFile; fileRef = AA0000020000000000000004 /* ProofViewController.swift */; };
/* End PBXBuildFile section */

/* Begin PBXFileReference section */
		AA0000020000000000000001 /* AppDelegate.swift */ = {isa = PBXFileReference; lastKnownFileType = sourcecode.swift; path = AppDelegate.swift; sourceTree = "<group>"; };
		AA0000020000000000000002 /* MainSceneDelegate.swift */ = {isa = PBXFileReference; lastKnownFileType = sourcecode.swift; path = MainSceneDelegate.swift; sourceTree = "<group>"; };
		AA0000020000000000000003 /* ExternalSceneDelegate.swift */ = {isa = PBXFileReference; lastKnownFileType = sourcecode.swift; path = ExternalSceneDelegate.swift; sourceTree = "<group>"; };
		AA0000020000000000000004 /* ProofViewController.swift */ = {isa = PBXFileReference; lastKnownFileType = sourcecode.swift; path = ProofViewController.swift; sourceTree = "<group>"; };
		AA0000020000000000000005 /* Info.plist */ = {isa = PBXFileReference; lastKnownFileType = text.plist.xml; path = Info.plist; sourceTree = "<group>"; };
		AA0000020000000000000006 /* TeachTodayStageProof.app */ = {isa = PBXFileReference; explicitFileType = wrapper.application; includeInIndex = 0; path = TeachTodayStageProof.app; sourceTree = BUILT_PRODUCTS_DIR; };
/* End PBXFileReference section */

/* Begin PBXFrameworksBuildPhase section */
		AA0000030000000000000001 /* Frameworks */ = {
			isa = PBXFrameworksBuildPhase;
			buildActionMask = 2147483647;
			files = (
			);
			runOnlyForDeploymentPostprocessing = 0;
		};
/* End PBXFrameworksBuildPhase section */

/* Begin PBXGroup section */
		AA0000040000000000000001 = {
			isa = PBXGroup;
			children = (
				AA0000040000000000000002 /* App */,
				AA0000040000000000000003 /* Products */,
			);
			sourceTree = "<group>";
		};
		AA0000040000000000000002 /* App */ = {
			isa = PBXGroup;
			children = (
				AA0000020000000000000001 /* AppDelegate.swift */,
				AA0000020000000000000002 /* MainSceneDelegate.swift */,
				AA0000020000000000000003 /* ExternalSceneDelegate.swift */,
				AA0000020000000000000004 /* ProofViewController.swift */,
				AA0000020000000000000005 /* Info.plist */,
			);
			path = App;
			sourceTree = "<group>";
		};
		AA0000040000000000000003 /* Products */ = {
			isa = PBXGroup;
			children = (
				AA0000020000000000000006 /* TeachTodayStageProof.app */,
			);
			name = Products;
			sourceTree = "<group>";
		};
/* End PBXGroup section */

/* Begin PBXNativeTarget section */
		AA0000050000000000000001 /* TeachTodayStageProof */ = {
			isa = PBXNativeTarget;
			buildConfigurationList = AA0000060000000000000002 /* Build configuration list for PBXNativeTarget "TeachTodayStageProof" */;
			buildPhases = (
				AA0000030000000000000002 /* Sources */,
				AA0000030000000000000001 /* Frameworks */,
				AA0000030000000000000003 /* Resources */,
			);
			buildRules = (
			);
			dependencies = (
			);
			name = TeachTodayStageProof;
			productName = TeachTodayStageProof;
			productReference = AA0000020000000000000006 /* TeachTodayStageProof.app */;
			productType = "com.apple.product-type.application";
		};
/* End PBXNativeTarget section */

/* Begin PBXProject section */
		AA0000070000000000000001 /* Project object */ = {
			isa = PBXProject;
			attributes = {
				BuildIndependentTargetsInParallel = 1;
				LastSwiftUpdateCheck = 2660;
				LastUpgradeCheck = 2660;
				TargetAttributes = {
					AA0000050000000000000001 = {
						CreatedOnToolsVersion = 26.6;
					};
				};
			};
			buildConfigurationList = AA0000060000000000000001 /* Build configuration list for PBXProject "TeachTodayStageProof" */;
			compatibilityVersion = "Xcode 14.0";
			developmentRegion = en;
			hasScannedForEncodings = 0;
			knownRegions = (
				en,
				Base,
			);
			mainGroup = AA0000040000000000000001;
			productRefGroup = AA0000040000000000000003 /* Products */;
			projectDirPath = "";
			projectRoot = "";
			targets = (
				AA0000050000000000000001 /* TeachTodayStageProof */,
			);
		};
/* End PBXProject section */

/* Begin PBXResourcesBuildPhase section */
		AA0000030000000000000003 /* Resources */ = {
			isa = PBXResourcesBuildPhase;
			buildActionMask = 2147483647;
			files = (
			);
			runOnlyForDeploymentPostprocessing = 0;
		};
/* End PBXResourcesBuildPhase section */

/* Begin PBXSourcesBuildPhase section */
		AA0000030000000000000002 /* Sources */ = {
			isa = PBXSourcesBuildPhase;
			buildActionMask = 2147483647;
			files = (
				AA0000010000000000000001 /* AppDelegate.swift in Sources */,
				AA0000010000000000000002 /* MainSceneDelegate.swift in Sources */,
				AA0000010000000000000003 /* ExternalSceneDelegate.swift in Sources */,
				AA0000010000000000000004 /* ProofViewController.swift in Sources */,
			);
			runOnlyForDeploymentPostprocessing = 0;
		};
/* End PBXSourcesBuildPhase section */

/* Begin XCBuildConfiguration section */
		AA0000080000000000000001 /* Debug */ = {
			isa = XCBuildConfiguration;
			buildSettings = {
				ALWAYS_SEARCH_USER_PATHS = NO;
				CLANG_ENABLE_MODULES = YES;
				COPY_PHASE_STRIP = NO;
				DEBUG_INFORMATION_FORMAT = dwarf;
				ENABLE_TESTABILITY = YES;
				GCC_OPTIMIZATION_LEVEL = 0;
				IPHONEOS_DEPLOYMENT_TARGET = 16.0;
				ONLY_ACTIVE_ARCH = YES;
				SDKROOT = iphoneos;
				SWIFT_ACTIVE_COMPILATION_CONDITIONS = DEBUG;
				SWIFT_OPTIMIZATION_LEVEL = "-Onone";
			};
			name = Debug;
		};
		AA0000080000000000000002 /* Release */ = {
			isa = XCBuildConfiguration;
			buildSettings = {
				ALWAYS_SEARCH_USER_PATHS = NO;
				CLANG_ENABLE_MODULES = YES;
				COPY_PHASE_STRIP = YES;
				DEBUG_INFORMATION_FORMAT = "dwarf-with-dsym";
				IPHONEOS_DEPLOYMENT_TARGET = 16.0;
				SDKROOT = iphoneos;
				SWIFT_COMPILATION_MODE = wholemodule;
				SWIFT_OPTIMIZATION_LEVEL = "-O";
			};
			name = Release;
		};
		AA0000080000000000000003 /* Debug */ = {
			isa = XCBuildConfiguration;
			buildSettings = {
				CODE_SIGN_STYLE = Automatic;
				CURRENT_PROJECT_VERSION = 1;
				GENERATE_INFOPLIST_FILE = NO;
				INFOPLIST_FILE = App/Info.plist;
				IPHONEOS_DEPLOYMENT_TARGET = 16.0;
				MARKETING_VERSION = 1.0;
				PRODUCT_BUNDLE_IDENTIFIER = io.goosefraba.TeachTodayStageProof;
				PRODUCT_NAME = "$(TARGET_NAME)";
				SUPPORTED_PLATFORMS = "iphoneos iphonesimulator";
				SUPPORTS_MACCATALYST = NO;
				SWIFT_EMIT_LOC_STRINGS = YES;
				SWIFT_VERSION = 5.0;
				TARGETED_DEVICE_FAMILY = 2;
			};
			name = Debug;
		};
		AA0000080000000000000004 /* Release */ = {
			isa = XCBuildConfiguration;
			buildSettings = {
				CODE_SIGN_STYLE = Automatic;
				CURRENT_PROJECT_VERSION = 1;
				GENERATE_INFOPLIST_FILE = NO;
				INFOPLIST_FILE = App/Info.plist;
				IPHONEOS_DEPLOYMENT_TARGET = 16.0;
				MARKETING_VERSION = 1.0;
				PRODUCT_BUNDLE_IDENTIFIER = io.goosefraba.TeachTodayStageProof;
				PRODUCT_NAME = "$(TARGET_NAME)";
				SUPPORTED_PLATFORMS = "iphoneos iphonesimulator";
				SUPPORTS_MACCATALYST = NO;
				SWIFT_EMIT_LOC_STRINGS = YES;
				SWIFT_VERSION = 5.0;
				TARGETED_DEVICE_FAMILY = 2;
			};
			name = Release;
		};
/* End XCBuildConfiguration section */

/* Begin XCConfigurationList section */
		AA0000060000000000000001 /* Build configuration list for PBXProject "TeachTodayStageProof" */ = {
			isa = XCConfigurationList;
			buildConfigurations = (
				AA0000080000000000000001 /* Debug */,
				AA0000080000000000000002 /* Release */,
			);
			defaultConfigurationIsVisible = 0;
			defaultConfigurationName = Release;
		};
		AA0000060000000000000002 /* Build configuration list for PBXNativeTarget "TeachTodayStageProof" */ = {
			isa = XCConfigurationList;
			buildConfigurations = (
				AA0000080000000000000003 /* Debug */,
				AA0000080000000000000004 /* Release */,
			);
			defaultConfigurationIsVisible = 0;
			defaultConfigurationName = Release;
		};
/* End XCConfigurationList section */
	};
	rootObject = AA0000070000000000000001 /* Project object */;
}
